github.com/pixiv/go-libjpeg v0.0.0-20190822045933-3da21a74767d h1:ls+7AYarUlUSetfnN/DKVNcK6W8mQWc6VblmOm4XwX0=
github.com/pixiv/go-libjpeg v0.0.0-20190822045933-3da21a74767d/go.mod h1:DO7ixpslN6XfbWzeNH9vkS5CF2FQUX81B85rYe9zDxU=
github.com/ying32/dylib v0.0.0-20220227124818-fdf9ea9fbc96 h1:+kU/yXSAQPL4G7OQOxz/j62GdM+G5yd5J1/NNm7u3QI=
github.com/ying32/dylib v0.0.0-20220227124818-fdf9ea9fbc96/go.mod h1:WPBTfbqg/aA1xqHFPB4fgBHETq/G/75yErbnexmaEOo=
